
Microsoft Visual Studio Solution File, Format Version 12.00
# Visual Studio Version 17
VisualStudioVersion = 17.1.32228.430
MinimumVisualStudioVersion = 10.0.40219.1
Project("{2150E333-8FDC-42A3-9474-1A3956D46DE8}") = "api", "api", "{A87E596E-524E-41E1-BBF6-131C3428DDF9}"
EndProject
Project("{2150E333-8FDC-42A3-9474-1A3956D46DE8}") = "_docs", "_docs", "{745E8AA0-8FBA-430E-BEA5-14466529567F}"
	ProjectSection(SolutionItems) = preProject
		Migration.txt = Migration.txt
	EndProjectSection
EndProject
Project("{2150E333-8FDC-42A3-9474-1A3956D46DE8}") = "data", "data", "{443D2304-269B-42E8-9123-DE4FD42D1F25}"
EndProject
Project("{2150E333-8FDC-42A3-9474-1A3956D46DE8}") = "services", "services", "{778AE331-05EA-4BD3-BAB7-68B5FD5E3944}"
EndProject
Project("{9A19103F-16F7-4668-BE54-9A1E7A4F7556}") = "Chain.Api", "api\Chain.Api\Chain.Api.csproj", "{86CC0B2C-9159-4BEF-A1B9-AE586AA32CBA}"
EndProject
Project("{9A19103F-16F7-4668-BE54-9A1E7A4F7556}") = "Chain.Data", "data\Chain.Data\Chain.Data.csproj", "{57E63023-B7AC-40E1-B58E-BF3C3B6B3133}"
EndProject
Project("{9A19103F-16F7-4668-BE54-9A1E7A4F7556}") = "Chain.Entities", "data\Chain.Entities\Chain.Entities.csproj", "{049EDB3A-40F4-4E3B-A3F1-45C369A907B4}"
EndProject
Project("{9A19103F-16F7-4668-BE54-9A1E7A4F7556}") = "Chain.Data.Services", "services\Chain.Data.Services\Chain.Data.Services.csproj", "{B813620D-8D15-46C1-A102-B845A41EA6EC}"
EndProject
Project("{2150E333-8FDC-42A3-9474-1A3956D46DE8}") = "common", "common", "{94C7B541-AF06-4633-93D8-5BE82DB46CC0}"
EndProject
Project("{9A19103F-16F7-4668-BE54-9A1E7A4F7556}") = "Chain.Common", "common\Chain.Common\Chain.Common.csproj", "{B241B4CF-1292-4678-AC68-6DCEFBEBA139}"
EndProject
Project("{9A19103F-16F7-4668-BE54-9A1E7A4F7556}") = "Chain.Data.Seed", "data\Chain.Data.Seed\Chain.Data.Seed.csproj", "{294A9BE9-81EC-4D53-B659-05414BB508B1}"
EndProject
Project("{2150E333-8FDC-42A3-9474-1A3956D46DE8}") = "queries", "queries", "{90CA9CA7-26DB-4A1A-8883-A09F505EBFF7}"
EndProject
Project("{9A19103F-16F7-4668-BE54-9A1E7A4F7556}") = "Spread.Data.Request", "services\Spread.Data.Request\Spread.Data.Request.csproj", "{0DDFFA41-1EBF-42EE-AE10-32E235FB4D77}"
EndProject
Project("{2150E333-8FDC-42A3-9474-1A3956D46DE8}") = "commands", "commands", "{01FD481F-F99A-4F42-BF7D-8B1191A05061}"
EndProject
Project("{FAE04EC0-301F-11D3-BF4B-00C04F79EFBC}") = "Chain.Data.Commands", "services\commands\Chain.Data.Commands\Chain.Data.Commands.csproj", "{3DD7C3EB-0FC6-44BB-AF69-64B2ECD4DB4B}"
EndProject
Project("{FAE04EC0-301F-11D3-BF4B-00C04F79EFBC}") = "Chain.Mapper", "services\Chain.Mapper\Chain.Mapper.csproj", "{48BFA7E9-F1E0-49AA-8533-F78355761EA0}"
EndProject
Global
	GlobalSection(SolutionConfigurationPlatforms) = preSolution
		Debug|Any CPU = Debug|Any CPU
		Release|Any CPU = Release|Any CPU
	EndGlobalSection
	GlobalSection(ProjectConfigurationPlatforms) = postSolution
		{86CC0B2C-9159-4BEF-A1B9-AE586AA32CBA}.Debug|Any CPU.ActiveCfg = Debug|Any CPU
		{86CC0B2C-9159-4BEF-A1B9-AE586AA32CBA}.Debug|Any CPU.Build.0 = Debug|Any CPU
		{86CC0B2C-9159-4BEF-A1B9-AE586AA32CBA}.Release|Any CPU.ActiveCfg = Release|Any CPU
		{86CC0B2C-9159-4BEF-A1B9-AE586AA32CBA}.Release|Any CPU.Build.0 = Release|Any CPU
		{57E63023-B7AC-40E1-B58E-BF3C3B6B3133}.Debug|Any CPU.ActiveCfg = Debug|Any CPU
		{57E63023-B7AC-40E1-B58E-BF3C3B6B3133}.Debug|Any CPU.Build.0 = Debug|Any CPU
		{57E63023-B7AC-40E1-B58E-BF3C3B6B3133}.Release|Any CPU.ActiveCfg = Release|Any CPU
		{57E63023-B7AC-40E1-B58E-BF3C3B6B3133}.Release|Any CPU.Build.0 = Release|Any CPU
		{049EDB3A-40F4-4E3B-A3F1-45C369A907B4}.Debug|Any CPU.ActiveCfg = Debug|Any CPU
		{049EDB3A-40F4-4E3B-A3F1-45C369A907B4}.Debug|Any CPU.Build.0 = Debug|Any CPU
		{049EDB3A-40F4-4E3B-A3F1-45C369A907B4}.Release|Any CPU.ActiveCfg = Release|Any CPU
		{049EDB3A-40F4-4E3B-A3F1-45C369A907B4}.Release|Any CPU.Build.0 = Release|Any CPU
		{B813620D-8D15-46C1-A102-B845A41EA6EC}.Debug|Any CPU.ActiveCfg = Debug|Any CPU
		{B813620D-8D15-46C1-A102-B845A41EA6EC}.Debug|Any CPU.Build.0 = Debug|Any CPU
		{B813620D-8D15-46C1-A102-B845A41EA6EC}.Release|Any CPU.ActiveCfg = Release|Any CPU
		{B813620D-8D15-46C1-A102-B845A41EA6EC}.Release|Any CPU.Build.0 = Release|Any CPU
		{B241B4CF-1292-4678-AC68-6DCEFBEBA139}.Debug|Any CPU.ActiveCfg = Debug|Any CPU
		{B241B4CF-1292-4678-AC68-6DCEFBEBA139}.Debug|Any CPU.Build.0 = Debug|Any CPU
		{B241B4CF-1292-4678-AC68-6DCEFBEBA139}.Release|Any CPU.ActiveCfg = Release|Any CPU
		{B241B4CF-1292-4678-AC68-6DCEFBEBA139}.Release|Any CPU.Build.0 = Release|Any CPU
		{294A9BE9-81EC-4D53-B659-05414BB508B1}.Debug|Any CPU.ActiveCfg = Debug|Any CPU
		{294A9BE9-81EC-4D53-B659-05414BB508B1}.Debug|Any CPU.Build.0 = Debug|Any CPU
		{294A9BE9-81EC-4D53-B659-05414BB508B1}.Release|Any CPU.ActiveCfg = Release|Any CPU
		{294A9BE9-81EC-4D53-B659-05414BB508B1}.Release|Any CPU.Build.0 = Release|Any CPU
		{0DDFFA41-1EBF-42EE-AE10-32E235FB4D77}.Debug|Any CPU.ActiveCfg = Debug|Any CPU
		{0DDFFA41-1EBF-42EE-AE10-32E235FB4D77}.Debug|Any CPU.Build.0 = Debug|Any CPU
		{0DDFFA41-1EBF-42EE-AE10-32E235FB4D77}.Release|Any CPU.ActiveCfg = Release|Any CPU
		{0DDFFA41-1EBF-42EE-AE10-32E235FB4D77}.Release|Any CPU.Build.0 = Release|Any CPU
		{3DD7C3EB-0FC6-44BB-AF69-64B2ECD4DB4B}.Debug|Any CPU.ActiveCfg = Debug|Any CPU
		{3DD7C3EB-0FC6-44BB-AF69-64B2ECD4DB4B}.Debug|Any CPU.Build.0 = Debug|Any CPU
		{3DD7C3EB-0FC6-44BB-AF69-64B2ECD4DB4B}.Release|Any CPU.ActiveCfg = Release|Any CPU
		{3DD7C3EB-0FC6-44BB-AF69-64B2ECD4DB4B}.Release|Any CPU.Build.0 = Release|Any CPU
		{48BFA7E9-F1E0-49AA-8533-F78355761EA0}.Debug|Any CPU.ActiveCfg = Debug|Any CPU
		{48BFA7E9-F1E0-49AA-8533-F78355761EA0}.Debug|Any CPU.Build.0 = Debug|Any CPU
		{48BFA7E9-F1E0-49AA-8533-F78355761EA0}.Release|Any CPU.ActiveCfg = Release|Any CPU
		{48BFA7E9-F1E0-49AA-8533-F78355761EA0}.Release|Any CPU.Build.0 = Release|Any CPU
	EndGlobalSection
	GlobalSection(SolutionProperties) = preSolution
		HideSolutionNode = FALSE
	EndGlobalSection
	GlobalSection(NestedProjects) = preSolution
		{86CC0B2C-9159-4BEF-A1B9-AE586AA32CBA} = {A87E596E-524E-41E1-BBF6-131C3428DDF9}
		{57E63023-B7AC-40E1-B58E-BF3C3B6B3133} = {443D2304-269B-42E8-9123-DE4FD42D1F25}
		{049EDB3A-40F4-4E3B-A3F1-45C369A907B4} = {443D2304-269B-42E8-9123-DE4FD42D1F25}
		{B813620D-8D15-46C1-A102-B845A41EA6EC} = {778AE331-05EA-4BD3-BAB7-68B5FD5E3944}
		{B241B4CF-1292-4678-AC68-6DCEFBEBA139} = {94C7B541-AF06-4633-93D8-5BE82DB46CC0}
		{294A9BE9-81EC-4D53-B659-05414BB508B1} = {443D2304-269B-42E8-9123-DE4FD42D1F25}
		{90CA9CA7-26DB-4A1A-8883-A09F505EBFF7} = {778AE331-05EA-4BD3-BAB7-68B5FD5E3944}
		{0DDFFA41-1EBF-42EE-AE10-32E235FB4D77} = {778AE331-05EA-4BD3-BAB7-68B5FD5E3944}
		{01FD481F-F99A-4F42-BF7D-8B1191A05061} = {778AE331-05EA-4BD3-BAB7-68B5FD5E3944}
		{3DD7C3EB-0FC6-44BB-AF69-64B2ECD4DB4B} = {01FD481F-F99A-4F42-BF7D-8B1191A05061}
		{48BFA7E9-F1E0-49AA-8533-F78355761EA0} = {778AE331-05EA-4BD3-BAB7-68B5FD5E3944}
	EndGlobalSection
	GlobalSection(ExtensibilityGlobals) = postSolution
		SolutionGuid = {9BE395DB-893E-4372-805D-FF0FBB49C1FE}
	EndGlobalSection
EndGlobal
